Microsoft Visual Studio Solution File, Format Version 12.00
# Visual Studio Version 16
VisualStudioVersion = 16.0.31321.278
MinimumVisualStudioVersion = 10.0.40219.1
Project("{FAE04EC0-301F-11D3-BF4B-00C04F79EFBC}") = "FontAwesome", "FontAwesome\FontAwesome.csproj", "{503DC9E7-0FF4-4FFF-936D-3FBF8F926624}"
EndProject
Global
	GlobalSection(SolutionConfigurationPlatforms) = preSolution
		Debug|Any CPU = Debug|Any CPU
		Debug|x86 = Debug|x86
		Release|Any CPU = Release|Any CPU
		Release|x86 = Release|x86
	EndGlobalSection
	GlobalSection(ProjectConfigurationPlatforms) = postSolution
		{503DC9E7-0FF4-4FFF-936D-3FBF8F926624}.Debug|Any CPU.ActiveCfg = Debug|Any CPU
		{503DC9E7-0FF4-4FFF-936D-3FBF8F926624}.Debug|Any CPU.Build.0 = Debug|Any CPU
		{503DC9E7-0FF4-4FFF-936D-3FBF8F926624}.Debug|x86.ActiveCfg = Debug|Any CPU
		{503DC9E7-0FF4-4FFF-936D-3FBF8F926624}.Debug|x86.Build.0 = Debug|Any CPU
		{503DC9E7-0FF4-4FFF-936D-3FBF8F926624}.Release|Any CPU.ActiveCfg = Release|Any CPU
		{503DC9E7-0FF4-4FFF-936D-3FBF8F926624}.Release|Any CPU.Build.0 = Release|Any CPU
		{503DC9E7-0FF4-4FFF-936D-3FBF8F926624}.Release|x86.ActiveCfg = Release|Any CPU
		{503DC9E7-0FF4-4FFF-936D-3FBF8F926624}.Release|x86.Build.0 = Release|Any CPU
	EndGlobalSection
	GlobalSection(SolutionProperties) = preSolution
		HideSolutionNode = FALSE
	EndGlobalSection
	GlobalSection(ExtensibilityGlobals) = postSolution
		SolutionGuid = {C1E2F480-8082-4404-BAFF-B02A91F00CA4}
	EndGlobalSection
EndGlobal
